// !$*UTF8*$!
{
	archiveVersion = 1;
	classes = {
	};
	objectVersion = 46;
	objects = {

/* Begin PBXBuildFile section */
		06A263AB41D92C0F8D4372F4 /* Pods_Flicks.framework in Frameworks */ = {isa = PBXBuildFile; fileRef = 36A72A9A10D0C09A4D1DB6D0 /* Pods_Flicks.framework */; };
		6E5956701E4156280046EFCB /* AppDelegate.swift in Sources */ = {isa = PBXBuildFile; fileRef = 6E59566F1E4156280046EFCB /* AppDelegate.swift */; };
		6E5956751E4156280046EFCB /* Main.storyboard in Resources */ = {isa = PBXBuildFile; fileRef = 6E5956731E4156280046EFCB /* Main.storyboard */; };
		6E5956771E4156280046EFCB /* Assets.xcassets in Resources */ = {isa = PBXBuildFile; fileRef = 6E5956761E4156280046EFCB /* Assets.xcassets */; };
		6E59567A1E4156280046EFCB /* LaunchScreen.storyboard in Resources */ = {isa = PBXBuildFile; fileRef = 6E5956781E4156280046EFCB /* LaunchScreen.storyboard */; };
		6E5956821E4156ED0046EFCB /* MovieViewController.swift in Sources */ = {isa = PBXBuildFile; fileRef = 6E5956811E4156ED0046EFCB /* MovieViewController.swift */; };
		6E84F65B1E4A9D03005B2CF1 /* DetailViewController.swift in Sources */ = {isa = PBXBuildFile; fileRef = 6E84F65A1E4A9D03005B2CF1 /* DetailViewController.swift */; };
		6EC858A81E47BDDF00CE23DB /* MovieCell.swift in Sources */ = {isa = PBXBuildFile; fileRef = 6EC858A71E47BDDF00CE23DB /* MovieCell.swift */; };
/* End PBXBuildFile section */

/* Begin PBXFileReference section */
		36A72A9A10D0C09A4D1DB6D0 /* Pods_Flicks.framework */ = {isa = PBXFileReference; explicitFileType = wrapper.framework; includeInIndex = 0; path = Pods_Flicks.framework; sourceTree = BUILT_PRODUCTS_DIR; };
		6E59566C1E4156280046EFCB /* Flicks.app */ = {isa = PBXFileReference; explicitFileType = wrapper.application; includeInIndex = 0; path = Flicks.app; sourceTree = BUILT_PRODUCTS_DIR; };
		6E59566F1E4156280046EFCB /* AppDelegate.swift */ = {isa = PBXFileReference; lastKnownFileType = sourcecode.swift; path = AppDelegate.swift; sourceTree = "<group>"; };
		6E5956741E4156280046EFCB /* Base */ = {isa = PBXFileReference; lastKnownFileType = file.storyboard; name = Base; path = Base.lproj/Main.storyboard; sourceTree = "<group>"; };
		6E5956761E4156280046EFCB /* Assets.xcassets */ = {isa = PBXFileReference; lastKnownFileType = folder.assetcatalog; path = Assets.xcassets; sourceTree = "<group>"; };
		6E5956791E4156280046EFCB /* Base */ = {isa = PBXFileReference; lastKnownFileType = file.storyboard; name = Base; path = Base.lproj/LaunchScreen.storyboard; sourceTree = "<group>"; };
		6E59567B1E4156280046EFCB /* Info.plist */ = {isa = PBXFileReference; lastKnownFileType = text.plist.xml; path = Info.plist; sourceTree = "<group>"; };
		6E5956811E4156ED0046EFCB /* MovieViewController.swift */ = {isa = PBXFileReference; fileEncoding = 4; lastKnownFileType = sourcecode.swift; path = MovieViewController.swift; sourceTree = "<group>"; };
		6E84F65A1E4A9D03005B2CF1 /* DetailViewController.swift */ = {isa = PBXFileReference; fileEncoding = 4; lastKnownFileType = sourcecode.swift; path = DetailViewController.swift; sourceTree = "<group>"; };
		6EC858A71E47BDDF00CE23DB /* MovieCell.swift */ = {isa = PBXFileReference; fileEncoding = 4; lastKnownFileType = sourcecode.swift; path = MovieCell.swift; sourceTree = "<group>"; };
		9F340A2632224BF36D5B3677 /* Pods-Flicks.release.xcconfig */ = {isa = PBXFileReference; includeInIndex = 1; lastKnownFileType = text.xcconfig; name = "Pods-Flicks.release.xcconfig"; path = "Pods/Target Support Files/Pods-Flicks/Pods-Flicks.release.xcconfig"; sourceTree = "<group>"; };
		DEEC38E0D6CAD695767FD919 /* Pods-Flicks.debug.xcconfig */ = {isa = PBXFileReference; includeInIndex = 1; lastKnownFileType = text.xcconfig; name = "Pods-Flicks.debug.xcconfig"; path = "Pods/Target Support Files/Pods-Flicks/Pods-Flicks.debug.xcconfig"; sourceTree = "<group>"; };
/* End PBXFileReference section */

/* Begin PBXFrameworksBuildPhase section */
		6E5956691E4156280046EFCB /* Frameworks */ = {
			isa = PBXFrameworksBuildPhase;
			buildActionMask = 2147483647;
			files = (
				06A263AB41D92C0F8D4372F4 /* Pods_Flicks.framework in Frameworks */,
			);
			runOnlyForDeploymentPostprocessing = 0;
		};
/* End PBXFrameworksBuildPhase section */

/* Begin PBXGroup section */
		4B10D0614557CB76512BEA92 /* Pods */ = {
			isa = PBXGroup;
			children = (
				DEEC38E0D6CAD695767FD919 /* Pods-Flicks.debug.xcconfig */,
				9F340A2632224BF36D5B3677 /* Pods-Flicks.release.xcconfig */,
			);
			name = Pods;
			sourceTree = "<group>";
		};
		6E5956631E4156280046EFCB = {
			isa = PBXGroup;
			children = (
				6E59566E1E4156280046EFCB /* Flicks */,
				6E59566D1E4156280046EFCB /* Products */,
				4B10D0614557CB76512BEA92 /* Pods */,
				8CCF89D6B50BDE6E12AF1C79 /* Frameworks */,
			);
			sourceTree = "<group>";
		};
		6E59566D1E4156280046EFCB /* Products */ = {
			isa = PBXGroup;
			children = (
				6E59566C1E4156280046EFCB /* Flicks.app */,
			);
			name = Products;
			sourceTree = "<group>";
		};
		6E59566E1E4156280046EFCB /* Flicks */ = {
			isa = PBXGroup;
			children = (
				6EC858A91E47BDEA00CE23DB /* View Controllers */,
				6EC858A61E47BDBA00CE23DB /* Views */,
				6E59566F1E4156280046EFCB /* AppDelegate.swift */,
				6E5956731E4156280046EFCB /* Main.storyboard */,
				6E5956761E4156280046EFCB /* Assets.xcassets */,
				6E5956781E4156280046EFCB /* LaunchScreen.storyboard */,
				6E59567B1E4156280046EFCB /* Info.plist */,
			);
			path = Flicks;
			sourceTree = "<group>";
		};
		6EC858A61E47BDBA00CE23DB /* Views */ = {
			isa = PBXGroup;
			children = (
				6EC858A71E47BDDF00CE23DB /* MovieCell.swift */,
			);
			name = Views;
			sourceTree = "<group>";
		};
		6EC858A91E47BDEA00CE23DB /* View Controllers */ = {
			isa = PBXGroup;
			children = (
				6E5956811E4156ED0046EFCB /* MovieViewController.swift */,
				6E84F65A1E4A9D03005B2CF1 /* DetailViewController.swift */,
			);
			name = "View Controllers";
			sourceTree = "<group>";
		};
		8CCF89D6B50BDE6E12AF1C79 /* Frameworks */ = {
			isa = PBXGroup;
			children = (
				36A72A9A10D0C09A4D1DB6D0 /* Pods_Flicks.framework */,
			);
			name = Frameworks;
			sourceTree = "<group>";
		};
/* End PBXGroup section */

/* Begin PBXNativeTarget section */
		6E59566B1E4156280046EFCB /* Flicks */ = {
			isa = PBXNativeTarget;
			buildConfigurationList = 6E59567E1E4156280046EFCB /* Build configuration list for PBXNativeTarget "Flicks" */;
			buildPhases = (
				32DD24BC1444F79A138B95F5 /* [CP] Check Pods Manifest.lock */,
				6E5956681E4156280046EFCB /* Sources */,
				6E5956691E4156280046EFCB /* Frameworks */,
				6E59566A1E4156280046EFCB /* Resources */,
				639561EB525CA995CB1C0726 /* [CP] Embed Pods Frameworks */,
				9CAD6F0EC889FBAA5664D55E /* [CP] Copy Pods Resources */,
			);
			buildRules = (
			);
			dependencies = (
			);
			name = Flicks;
			productName = Flicks;
			productReference = 6E59566C1E4156280046EFCB /* Flicks.app */;
			productType = "com.apple.product-type.application";
		};
/* End PBXNativeTarget section */

/* Begin PBXProject section */
		6E5956641E4156280046EFCB /* Project object */ = {
			isa = PBXProject;
			attributes = {
				LastSwiftUpdateCheck = 0820;
				LastUpgradeCheck = 0820;
				ORGANIZATIONNAME = "Kenan Dominic";
				TargetAttributes = {
					6E59566B1E4156280046EFCB = {
						CreatedOnToolsVersion = 8.2.1;
						ProvisioningStyle = Automatic;
					};
				};
			};
			buildConfigurationList = 6E5956671E4156280046EFCB /* Build configuration list for PBXProject "Flicks" */;
			compatibilityVersion = "Xcode 3.2";
			developmentRegion = English;
			hasScannedForEncodings = 0;
			knownRegions = (
				en,
				Base,
			);
			mainGroup = 6E5956631E4156280046EFCB;
			productRefGroup = 6E59566D1E4156280046EFCB /* Products */;
			projectDirPath = "";
			projectRoot = "";
			targets = (
				6E59566B1E4156280046EFCB /* Flicks */,
			);
		};
/* End PBXProject section */

/* Begin PBXResourcesBuildPhase section */
		6E59566A1E4156280046EFCB /* Resources */ = {
			isa = PBXResourcesBuildPhase;
			buildActionMask = 2147483647;
			files = (
				6E59567A1E4156280046EFCB /* LaunchScreen.storyboard in Resources */,
				6E5956771E4156280046EFCB /* Assets.xcassets in Resources */,
				6E5956751E4156280046EFCB /* Main.storyboard in Resources */,
			);
			runOnlyForDeploymentPostprocessing = 0;
		};
/* End PBXResourcesBuildPhase section */

/* Begin PBXShellScriptBuildPhase section */
		32DD24BC1444F79A138B95F5 /* [CP] Check Pods Manifest.lock */ = {
			isa = PBXShellScriptBuildPhase;
			buildActionMask = 2147483647;
			files = (
			);
			inputPaths = (
			);
			name = "[CP] Check Pods Manifest.lock";
			outputPaths = (
			);
			runOnlyForDeploymentPostprocessing = 0;
			shellPath = /bin/sh;
			shellScript = "diff \"${PODS_ROOT}/../Podfile.lock\" \"${PODS_ROOT}/Manifest.lock\" > /dev/null\nif [ $? != 0 ] ; then\n    # print error to STDERR\n    echo \"error: The sandbox is not in sync with the Podfile.lock. Run 'pod install' or update your CocoaPods installation.\" >&2\n    exit 1\nfi\n";
			showEnvVarsInLog = 0;
		};
		639561EB525CA995CB1C0726 /* [CP] Embed Pods Frameworks */ = {
			isa = PBXShellScriptBuildPhase;
			buildActionMask = 2147483647;
			files = (
			);
			inputPaths = (
			);
			name = "[CP] Embed Pods Frameworks";
			outputPaths = (
			);
			runOnlyForDeploymentPostprocessing = 0;
			shellPath = /bin/sh;
			shellScript = "\"${SRCROOT}/Pods/Target Support Files/Pods-Flicks/Pods-Flicks-frameworks.sh\"\n";
			showEnvVarsInLog = 0;
		};
		9CAD6F0EC889FBAA5664D55E /* [CP] Copy Pods Resources */ = {
			isa = PBXShellScriptBuildPhase;
			buildActionMask = 2147483647;
			files = (
			);
			inputPaths = (
			);
			name = "[CP] Copy Pods Resources";
			outputPaths = (
			);
			runOnlyForDeploymentPostprocessing = 0;
			shellPath = /bin/sh;
			shellScript = "\"${SRCROOT}/Pods/Target Support Files/Pods-Flicks/Pods-Flicks-resources.sh\"\n";
			showEnvVarsInLog = 0;
		};
/* End PBXShellScriptBuildPhase section */

/* Begin PBXSourcesBuildPhase section */
		6E5956681E4156280046EFCB /* Sources */ = {
			isa = PBXSourcesBuildPhase;
			buildActionMask = 2147483647;
			files = (
				6E5956701E4156280046EFCB /* AppDelegate.swift in Sources */,
				6E5956821E4156ED0046EFCB /* MovieViewController.swift in Sources */,
				6EC858A81E47BDDF00CE23DB /* MovieCell.swift in Sources */,
				6E84F65B1E4A9D03005B2CF1 /* DetailViewController.swift in Sources */,
			);
			runOnlyForDeploymentPostprocessing = 0;
		};
/* End PBXSourcesBuildPhase section */

/* Begin PBXVariantGroup section */
		6E5956731E4156280046EFCB /* Main.storyboard */ = {
			isa = PBXVariantGroup;
			children = (
				6E5956741E4156280046EFCB /* Base */,
			);
			name = Main.storyboard;
			sourceTree = "<group>";
		};
		6E5956781E4156280046EFCB /* LaunchScreen.storyboard */ = {
			isa = PBXVariantGroup;
			children = (
				6E5956791E4156280046EFCB /* Base */,
			);
			name = LaunchScreen.storyboard;
			sourceTree = "<group>";
		};
/* End PBXVariantGroup section */

/* Begin XCBuildConfiguration section */
		6E59567C1E4156280046EFCB /* Debug */ = {
			isa = XCBuildConfiguration;
			buildSettings = {
				ALWAYS_SEARCH_USER_PATHS = NO;
				CLANG_ANALYZER_NONNULL = YES;
				CLANG_CXX_LANGUAGE_STANDARD = "gnu++0x";
				CLANG_CXX_LIBRARY = "libc++";
				CLANG_ENABLE_MODULES = YES;
				CLANG_ENABLE_OBJC_ARC = YES;
				CLANG_WARN_BOOL_CONVERSION = YES;
				CLANG_WARN_CONSTANT_CONVERSION = YES;
				CLANG_WARN_DIRECT_OBJC_ISA_USAGE = YES_ERROR;
				CLANG_WARN_DOCUMENTATION_COMMENTS = YES;
				CLANG_WARN_EMPTY_BODY = YES;
				CLANG_WARN_ENUM_CONVERSION = YES;
				CLANG_WARN_INFINITE_RECURSION = YES;
				CLANG_WARN_INT_CONVERSION = YES;
				CLANG_WARN_OBJC_ROOT_CLASS = YES_ERROR;
				CLANG_WARN_SUSPICIOUS_MOVE = YES;
				CLANG_WARN_UNREACHABLE_CODE = YES;
				CLANG_WARN__DUPLICATE_METHOD_MATCH = YES;
				"CODE_SIGN_IDENTITY[sdk=iphoneos*]" = "iPhone Developer";
				COPY_PHASE_STRIP = NO;
				DEBUG_INFORMATION_FORMAT = dwarf;
				ENABLE_STRICT_OBJC_MSGSEND = YES;
				ENABLE_TESTABILITY = YES;
				GCC_C_LANGUAGE_STANDARD = gnu99;
				GCC_DYNAMIC_NO_PIC = NO;
				GCC_NO_COMMON_BLOCKS = YES;
				GCC_OPTIMIZATION_LEVEL = 0;
				GCC_PREPROCESSOR_DEFINITIONS = (
					"DEBUG=1",
					"$(inherited)",
				);
				GCC_WARN_64_TO_32_BIT_CONVERSION = YES;
				GCC_WARN_ABOUT_RETURN_TYPE = YES_ERROR;
				GCC_WARN_UNDECLARED_SELECTOR = YES;
				GCC_WARN_UNINITIALIZED_AUTOS = YES_AGGRESSIVE;
				GCC_WARN_UNUSED_FUNCTION = YES;
				GCC_WARN_UNUSED_VARIABLE = YES;
				IPHONEOS_DEPLOYMENT_TARGET = 10.2;
				MTL_ENABLE_DEBUG_INFO = YES;
				ONLY_ACTIVE_ARCH = YES;
				SDKROOT = iphoneos;
				SWIFT_ACTIVE_COMPILATION_CONDITIONS = DEBUG;
				SWIFT_OPTIMIZATION_LEVEL = "-Onone";
			};
			name = Debug;
		};
		6E59567D1E4156280046EFCB /* Release */ = {
			isa = XCBuildConfiguration;
			buildSettings = {
				ALWAYS_SEARCH_USER_PATHS = NO;
				CLANG_ANALYZER_NONNULL = YES;
				CLANG_CXX_LANGUAGE_STANDARD = "gnu++0x";
				CLANG_CXX_LIBRARY = "libc++";
				CLANG_ENABLE_MODULES = YES;
				CLANG_ENABLE_OBJC_ARC = YES;
				CLANG_WARN_BOOL_CONVERSION = YES;
				CLANG_WARN_CONSTANT_CONVERSION = YES;
				CLANG_WARN_DIRECT_OBJC_ISA_USAGE = YES_ERROR;
				CLANG_WARN_DOCUMENTATION_COMMENTS = YES;
				CLANG_WARN_EMPTY_BODY = YES;
				CLANG_WARN_ENUM_CONVERSION = YES;
				CLANG_WARN_INFINITE_RECURSION = YES;
				CLANG_WARN_INT_CONVERSION = YES;
				CLANG_WARN_OBJC_ROOT_CLASS = YES_ERROR;
				CLANG_WARN_SUSPICIOUS_MOVE = YES;
				CLANG_WARN_UNREACHABLE_CODE = YES;
				CLANG_WARN__DUPLICATE_METHOD_MATCH = YES;
				"CODE_SIGN_IDENTITY[sdk=iphoneos*]" = "iPhone Developer";
				COPY_PHASE_STRIP = NO;
				DEBUG_INFORMATION_FORMAT = "dwarf-with-dsym";
				ENABLE_NS_ASSERTIONS = NO;
				ENABLE_STRICT_OBJC_MSGSEND = YES;
				GCC_C_LANGUAGE_STANDARD = gnu99;
				GCC_NO_COMMON_BLOCKS = YES;
				GCC_WARN_64_TO_32_BIT_CONVERSION = YES;
				GCC_WARN_ABOUT_RETURN_TYPE = YES_ERROR;
				GCC_WARN_UNDECLARED_SELECTOR = YES;
				GCC_WARN_UNINITIALIZED_AUTOS = YES_AGGRESSIVE;
				GCC_WARN_UNUSED_FUNCTION = YES;
				GCC_WARN_UNUSED_VARIABLE = YES;
				IPHONEOS_DEPLOYMENT_TARGET = 10.2;
				MTL_ENABLE_DEBUG_INFO = NO;
				SDKROOT = iphoneos;
				SWIFT_OPTIMIZATION_LEVEL = "-Owholemodule";
				VALIDATE_PRODUCT = YES;
			};
			name = Release;
		};
		6E59567F1E4156280046EFCB /* Debug */ = {
			isa = XCBuildConfiguration;
			baseConfigurationReference = DEEC38E0D6CAD695767FD919 /* Pods-Flicks.debug.xcconfig */;
			buildSettings = {
				ASSETCATALOG_COMPILER_APPICON_NAME = AppIcon;
				INFOPLIST_FILE = Flicks/Info.plist;
				LD_RUNPATH_SEARCH_PATHS = "$(inherited) @executable_path/Frameworks";
				PRODUCT_BUNDLE_IDENTIFIER = com.kdominic.Flicks;
				PRODUCT_NAME = "$(TARGET_NAME)";
				SWIFT_VERSION = 3.0;
			};
			name = Debug;
		};
		6E5956801E4156280046EFCB /* Release */ = {
			isa = XCBuildConfiguration;
			baseConfigurationReference = 9F340A2632224BF36D5B3677 /* Pods-Flicks.release.xcconfig */;
			buildSettings = {
				ASSETCATALOG_COMPILER_APPICON_NAME = AppIcon;
				INFOPLIST_FILE = Flicks/Info.plist;
				LD_RUNPATH_SEARCH_PATHS = "$(inherited) @executable_path/Frameworks";
				PRODUCT_BUNDLE_IDENTIFIER = com.kdominic.Flicks;
				PRODUCT_NAME = "$(TARGET_NAME)";
				SWIFT_VERSION = 3.0;
			};
			name = Release;
		};
/* End XCBuildConfiguration section */

/* Begin XCConfigurationList section */
		6E5956671E4156280046EFCB /* Build configuration list for PBXProject "Flicks" */ = {
			isa = XCConfigurationList;
			buildConfigurations = (
				6E59567C1E4156280046EFCB /* Debug */,
				6E59567D1E4156280046EFCB /* Release */,
			);
			defaultConfigurationIsVisible = 0;
			defaultConfigurationName = Release;
		};
		6E59567E1E4156280046EFCB /* Build configuration list for PBXNativeTarget "Flicks" */ = {
			isa = XCConfigurationList;
			buildConfigurations = (
				6E59567F1E4156280046EFCB /* Debug */,
				6E5956801E4156280046EFCB /* Release */,
			);
			defaultConfigurationIsVisible = 0;
			defaultConfigurationName = Release;
		};
/* End XCConfigurationList section */
	};
	rootObject = 6E5956641E4156280046EFCB /* Project object */;
}
